
Microsoft Visual Studio Solution File, Format Version 12.00
# Visual Studio Version 17
VisualStudioVersion = 17.9.34622.214
MinimumVisualStudioVersion = 10.0.40219.1
Project("{FAE04EC0-301F-11D3-BF4B-00C04F79EFBC}") = "LaboratoryWork_3", "LaboratoryWork_3\LaboratoryWork_3.csproj", "{C8E97E56-4956-4C38-B85A-2BA40CF199E0}"
EndProject
Global
	GlobalSection(SolutionConfigurationPlatforms) = preSolution
		Debug|Any CPU = Debug|Any CPU
		Release|Any CPU = Release|Any CPU
	EndGlobalSection
	GlobalSection(ProjectConfigurationPlatforms) = postSolution
		{C8E97E56-4956-4C38-B85A-2BA40CF199E0}.Debug|Any CPU.ActiveCfg = Debug|Any CPU
		{C8E97E56-4956-4C38-B85A-2BA40CF199E0}.Debug|Any CPU.Build.0 = Debug|Any CPU
		{C8E97E56-4956-4C38-B85A-2BA40CF199E0}.Release|Any CPU.ActiveCfg = Release|Any CPU
		{C8E97E56-4956-4C38-B85A-2BA40CF199E0}.Release|Any CPU.Build.0 = Release|Any CPU
	EndGlobalSection
	GlobalSection(SolutionProperties) = preSolution
		HideSolutionNode = FALSE
	EndGlobalSection
	GlobalSection(ExtensibilityGlobals) = postSolution
		SolutionGuid = {2F13CEC5-696F-4B67-87E0-C5CA9F174C73}
	EndGlobalSection
EndGlobal
